
Microsoft Visual Studio Solution File, Format Version 12.00
# Visual Studio Version 16
VisualStudioVersion = 16.0.32002.261
MinimumVisualStudioVersion = 10.0.40219.1
Project("{FAE04EC0-301F-11D3-BF4B-00C04F79EFBC}") = "TenPinBowl", "TenPinBowl\TenPinBowl.csproj", "{8B1D8DF5-178D-460C-AF50-F872F0B56362}"
EndProject
Global
	GlobalSection(SolutionConfigurationPlatforms) = preSolution
		Debug|Any CPU = Debug|Any CPU
		Release|Any CPU = Release|Any CPU
	EndGlobalSection
	GlobalSection(ProjectConfigurationPlatforms) = postSolution
		{8B1D8DF5-178D-460C-AF50-F872F0B56362}.Debug|Any CPU.ActiveCfg = Debug|Any CPU
		{8B1D8DF5-178D-460C-AF50-F872F0B56362}.Debug|Any CPU.Build.0 = Debug|Any CPU
		{8B1D8DF5-178D-460C-AF50-F872F0B56362}.Release|Any CPU.ActiveCfg = Release|Any CPU
		{8B1D8DF5-178D-460C-AF50-F872F0B56362}.Release|Any CPU.Build.0 = Release|Any CPU
	EndGlobalSection
	GlobalSection(SolutionProperties) = preSolution
		HideSolutionNode = FALSE
	EndGlobalSection
	GlobalSection(ExtensibilityGlobals) = postSolution
		SolutionGuid = {E8F303F5-35C9-4F54-86B9-ADDDE0E1F29F}
	EndGlobalSection
EndGlobal
